
Microsoft Visual Studio Solution File, Format Version 12.00
# Visual Studio 15
VisualStudioVersion = 15.0.26730.12
MinimumVisualStudioVersion = 10.0.40219.1
Project("{8BC9CEB8-8B4A-11D0-8D11-00A0C91BC942}") = "experiment1", "experiment1\experiment1.vcxproj", "{8C9D30C9-9204-498E-822A-D89AACB87F9B}"
EndProject
Project("{8BC9CEB8-8B4A-11D0-8D11-00A0C91BC942}") = "experiment2__LL1", "..\..\实验二\experiment2__LL1\experiment2__LL1\experiment2__LL1.vcxproj", "{6EC7EBA1-5ECB-4EA6-ABE0-FC2245E44DAA}"
EndProject
Global
	GlobalSection(SolutionConfigurationPlatforms) = preSolution
		Debug|x64 = Debug|x64
		Debug|x86 = Debug|x86
		Release|x64 = Release|x64
		Release|x86 = Release|x86
	EndGlobalSection
	GlobalSection(ProjectConfigurationPlatforms) = postSolution
		{8C9D30C9-9204-498E-822A-D89AACB87F9B}.Debug|x64.ActiveCfg = Debug|x64
		{8C9D30C9-9204-498E-822A-D89AACB87F9B}.Debug|x64.Build.0 = Debug|x64
		{8C9D30C9-9204-498E-822A-D89AACB87F9B}.Debug|x86.ActiveCfg = Debug|Win32
		{8C9D30C9-9204-498E-822A-D89AACB87F9B}.Debug|x86.Build.0 = Debug|Win32
		{8C9D30C9-9204-498E-822A-D89AACB87F9B}.Release|x64.ActiveCfg = Release|x64
		{8C9D30C9-9204-498E-822A-D89AACB87F9B}.Release|x64.Build.0 = Release|x64
		{8C9D30C9-9204-498E-822A-D89AACB87F9B}.Release|x86.ActiveCfg = Release|Win32
		{8C9D30C9-9204-498E-822A-D89AACB87F9B}.Release|x86.Build.0 = Release|Win32
		{6EC7EBA1-5ECB-4EA6-ABE0-FC2245E44DAA}.Debug|x64.ActiveCfg = Debug|x64
		{6EC7EBA1-5ECB-4EA6-ABE0-FC2245E44DAA}.Debug|x64.Build.0 = Debug|x64
		{6EC7EBA1-5ECB-4EA6-ABE0-FC2245E44DAA}.Debug|x86.ActiveCfg = Debug|Win32
		{6EC7EBA1-5ECB-4EA6-ABE0-FC2245E44DAA}.Debug|x86.Build.0 = Debug|Win32
		{6EC7EBA1-5ECB-4EA6-ABE0-FC2245E44DAA}.Release|x64.ActiveCfg = Release|x64
		{6EC7EBA1-5ECB-4EA6-ABE0-FC2245E44DAA}.Release|x64.Build.0 = Release|x64
		{6EC7EBA1-5ECB-4EA6-ABE0-FC2245E44DAA}.Release|x86.ActiveCfg = Release|Win32
		{6EC7EBA1-5ECB-4EA6-ABE0-FC2245E44DAA}.Release|x86.Build.0 = Release|Win32
	EndGlobalSection
	GlobalSection(SolutionProperties) = preSolution
		HideSolutionNode = FALSE
	EndGlobalSection
	GlobalSection(ExtensibilityGlobals) = postSolution
		SolutionGuid = {231F9C8F-F24B-48AA-9A89-E8C9BAE2B9F9}
	EndGlobalSection
EndGlobal
